
Microsoft Visual Studio Solution File, Format Version 12.00
# Visual Studio Version 17
VisualStudioVersion = 17.5.33502.453
MinimumVisualStudioVersion = 10.0.40219.1
Project("{9A19103F-16F7-4668-BE54-9A1E7A4F7556}") = "DeepFace", "DeepFace\DeepFace.csproj", "{B8BA9EAB-D920-43B5-88C4-ED6B49806113}"
EndProject
Project("{888888A0-9F3D-457C-B088-3A5042F75D52}") = "PyFaceDetect", "PyFaceDetect\PyFaceDetect.pyproj", "{AF785EF6-DBA9-4914-9E40-D35D587D1892}"
EndProject
Project("{9A19103F-16F7-4668-BE54-9A1E7A4F7556}") = "TcpInterface", "TcpInterface\TcpInterface.csproj", "{BA60F334-BD9E-4C91-A3C5-CAC9AF15965B}"
EndProject
Project("{9A19103F-16F7-4668-BE54-9A1E7A4F7556}") = "CommonLib", "CommonLib\CommonLib.csproj", "{912F6705-9271-4BA4-A316-975084E346A3}"
EndProject
Project("{9A19103F-16F7-4668-BE54-9A1E7A4F7556}") = "FaceDetectInterface", "FaceDetectInterface\FaceDetectInterface.csproj", "{2C400115-7437-44AE-8E0A-A131B26B137C}"
EndProject
Project("{9A19103F-16F7-4668-BE54-9A1E7A4F7556}") = "PreProcess", "PreProcess\PreProcess.csproj", "{741584A6-7729-46B8-83E2-2FD8988AE7B7}"
EndProject
Project("{9A19103F-16F7-4668-BE54-9A1E7A4F7556}") = "ShareMemoryData", "ShareMemoryData\ShareMemoryData.csproj", "{1C7706CE-5928-41A3-96A5-1F093670C440}"
EndProject
Project("{9A19103F-16F7-4668-BE54-9A1E7A4F7556}") = "TestClrProject", "TestClrProject\TestClrProject.csproj", "{3E1F49B2-105A-4CFA-9EF4-0C89944E6E58}"
EndProject
Project("{8BC9CEB8-8B4A-11D0-8D11-00A0C91BC942}") = "AntiSpoof", "Cpp\AntiSpoof\AntiSpoof.vcxproj", "{D5B2F043-CA30-40D5-9C85-4819CE56E5F4}"
EndProject
Project("{8BC9CEB8-8B4A-11D0-8D11-00A0C91BC942}") = "AntiSpoofTest", "Cpp\AntiSpoofTest\AntiSpoofTest.vcxproj", "{B5AB9BDB-A148-4130-AA82-CF89B6D2378A}"
EndProject
Project("{8BC9CEB8-8B4A-11D0-8D11-00A0C91BC942}") = "MLCpp", "Cpp\MLCpp\MLCpp.vcxproj", "{94F3373C-A7E0-4586-BAE1-B220C391569D}"
EndProject
Project("{8BC9CEB8-8B4A-11D0-8D11-00A0C91BC942}") = "OpenCVClr", "Cpp\OpenCVClr\OpenCVClr.vcxproj", "{3425E8F7-71F5-40CA-BABE-6B660F342B68}"
EndProject
Project("{8BC9CEB8-8B4A-11D0-8D11-00A0C91BC942}") = "TestRunModel", "Cpp\TestRunModel\TestRunModel.vcxproj", "{69D6AB61-CFBF-4867-863B-B8BDD8625F47}"
EndProject
Project("{8BC9CEB8-8B4A-11D0-8D11-00A0C91BC942}") = "OpenCvDll", "Cpp\OpenCvDll\OpenCvDll.vcxproj", "{B8BA86DB-3172-40D9-97D0-5D9BA655C861}"
EndProject
Project("{2150E333-8FDC-42A3-9474-1A3956D46DE8}") = "UnitTestNET", "UnitTestNET", "{21EE2100-3820-4F2E-8A83-2417D0E994FE}"
EndProject
Project("{FAE04EC0-301F-11D3-BF4B-00C04F79EFBC}") = "TestWrapper", "TestWrapper\TestWrapper.csproj", "{2052E9AB-A0A7-4EB0-BA7E-EE0C2A28977E}"
EndProject
Global
	GlobalSection(SolutionConfigurationPlatforms) = preSolution
		Debug|Any CPU = Debug|Any CPU
		Debug|x64 = Debug|x64
		Debug|x86 = Debug|x86
		Release|Any CPU = Release|Any CPU
		Release|x64 = Release|x64
		Release|x86 = Release|x86
	EndGlobalSection
	GlobalSection(ProjectConfigurationPlatforms) = postSolution
		{B8BA9EAB-D920-43B5-88C4-ED6B49806113}.Debug|Any CPU.ActiveCfg = Debug|Any CPU
		{B8BA9EAB-D920-43B5-88C4-ED6B49806113}.Debug|Any CPU.Build.0 = Debug|Any CPU
		{B8BA9EAB-D920-43B5-88C4-ED6B49806113}.Debug|x64.ActiveCfg = Debug|Any CPU
		{B8BA9EAB-D920-43B5-88C4-ED6B49806113}.Debug|x64.Build.0 = Debug|Any CPU
		{B8BA9EAB-D920-43B5-88C4-ED6B49806113}.Debug|x86.ActiveCfg = Debug|Any CPU
		{B8BA9EAB-D920-43B5-88C4-ED6B49806113}.Debug|x86.Build.0 = Debug|Any CPU
		{B8BA9EAB-D920-43B5-88C4-ED6B49806113}.Release|Any CPU.ActiveCfg = Release|Any CPU
		{B8BA9EAB-D920-43B5-88C4-ED6B49806113}.Release|Any CPU.Build.0 = Release|Any CPU
		{B8BA9EAB-D920-43B5-88C4-ED6B49806113}.Release|x64.ActiveCfg = Release|Any CPU
		{B8BA9EAB-D920-43B5-88C4-ED6B49806113}.Release|x64.Build.0 = Release|Any CPU
		{B8BA9EAB-D920-43B5-88C4-ED6B49806113}.Release|x86.ActiveCfg = Release|Any CPU
		{B8BA9EAB-D920-43B5-88C4-ED6B49806113}.Release|x86.Build.0 = Release|Any CPU
		{AF785EF6-DBA9-4914-9E40-D35D587D1892}.Debug|Any CPU.ActiveCfg = Debug|Any CPU
		{AF785EF6-DBA9-4914-9E40-D35D587D1892}.Debug|x64.ActiveCfg = Debug|Any CPU
		{AF785EF6-DBA9-4914-9E40-D35D587D1892}.Debug|x86.ActiveCfg = Debug|Any CPU
		{AF785EF6-DBA9-4914-9E40-D35D587D1892}.Release|Any CPU.ActiveCfg = Release|Any CPU
		{AF785EF6-DBA9-4914-9E40-D35D587D1892}.Release|x64.ActiveCfg = Release|Any CPU
		{AF785EF6-DBA9-4914-9E40-D35D587D1892}.Release|x86.ActiveCfg = Release|Any CPU
		{BA60F334-BD9E-4C91-A3C5-CAC9AF15965B}.Debug|Any CPU.ActiveCfg = Debug|Any CPU
		{BA60F334-BD9E-4C91-A3C5-CAC9AF15965B}.Debug|Any CPU.Build.0 = Debug|Any CPU
		{BA60F334-BD9E-4C91-A3C5-CAC9AF15965B}.Debug|x64.ActiveCfg = Debug|Any CPU
		{BA60F334-BD9E-4C91-A3C5-CAC9AF15965B}.Debug|x64.Build.0 = Debug|Any CPU
		{BA60F334-BD9E-4C91-A3C5-CAC9AF15965B}.Debug|x86.ActiveCfg = Debug|Any CPU
		{BA60F334-BD9E-4C91-A3C5-CAC9AF15965B}.Debug|x86.Build.0 = Debug|Any CPU
		{BA60F334-BD9E-4C91-A3C5-CAC9AF15965B}.Release|Any CPU.ActiveCfg = Release|Any CPU
		{BA60F334-BD9E-4C91-A3C5-CAC9AF15965B}.Release|Any CPU.Build.0 = Release|Any CPU
		{BA60F334-BD9E-4C91-A3C5-CAC9AF15965B}.Release|x64.ActiveCfg = Release|Any CPU
		{BA60F334-BD9E-4C91-A3C5-CAC9AF15965B}.Release|x64.Build.0 = Release|Any CPU
		{BA60F334-BD9E-4C91-A3C5-CAC9AF15965B}.Release|x86.ActiveCfg = Release|Any CPU
		{BA60F334-BD9E-4C91-A3C5-CAC9AF15965B}.Release|x86.Build.0 = Release|Any CPU
		{912F6705-9271-4BA4-A316-975084E346A3}.Debug|Any CPU.ActiveCfg = Debug|Any CPU
		{912F6705-9271-4BA4-A316-975084E346A3}.Debug|Any CPU.Build.0 = Debug|Any CPU
		{912F6705-9271-4BA4-A316-975084E346A3}.Debug|x64.ActiveCfg = Debug|Any CPU
		{912F6705-9271-4BA4-A316-975084E346A3}.Debug|x64.Build.0 = Debug|Any CPU
		{912F6705-9271-4BA4-A316-975084E346A3}.Debug|x86.ActiveCfg = Debug|Any CPU
		{912F6705-9271-4BA4-A316-975084E346A3}.Debug|x86.Build.0 = Debug|Any CPU
		{912F6705-9271-4BA4-A316-975084E346A3}.Release|Any CPU.ActiveCfg = Release|Any CPU
		{912F6705-9271-4BA4-A316-975084E346A3}.Release|Any CPU.Build.0 = Release|Any CPU
		{912F6705-9271-4BA4-A316-975084E346A3}.Release|x64.ActiveCfg = Release|Any CPU
		{912F6705-9271-4BA4-A316-975084E346A3}.Release|x64.Build.0 = Release|Any CPU
		{912F6705-9271-4BA4-A316-975084E346A3}.Release|x86.ActiveCfg = Release|Any CPU
		{912F6705-9271-4BA4-A316-975084E346A3}.Release|x86.Build.0 = Release|Any CPU
		{2C400115-7437-44AE-8E0A-A131B26B137C}.Debug|Any CPU.ActiveCfg = Debug|Any CPU
		{2C400115-7437-44AE-8E0A-A131B26B137C}.Debug|Any CPU.Build.0 = Debug|Any CPU
		{2C400115-7437-44AE-8E0A-A131B26B137C}.Debug|x64.ActiveCfg = Debug|Any CPU
		{2C400115-7437-44AE-8E0A-A131B26B137C}.Debug|x64.Build.0 = Debug|Any CPU
		{2C400115-7437-44AE-8E0A-A131B26B137C}.Debug|x86.ActiveCfg = Debug|Any CPU
		{2C400115-7437-44AE-8E0A-A131B26B137C}.Debug|x86.Build.0 = Debug|Any CPU
		{2C400115-7437-44AE-8E0A-A131B26B137C}.Release|Any CPU.ActiveCfg = Release|Any CPU
		{2C400115-7437-44AE-8E0A-A131B26B137C}.Release|Any CPU.Build.0 = Release|Any CPU
		{2C400115-7437-44AE-8E0A-A131B26B137C}.Release|x64.ActiveCfg = Release|Any CPU
		{2C400115-7437-44AE-8E0A-A131B26B137C}.Release|x64.Build.0 = Release|Any CPU
		{2C400115-7437-44AE-8E0A-A131B26B137C}.Release|x86.ActiveCfg = Release|Any CPU
		{2C400115-7437-44AE-8E0A-A131B26B137C}.Release|x86.Build.0 = Release|Any CPU
		{741584A6-7729-46B8-83E2-2FD8988AE7B7}.Debug|Any CPU.ActiveCfg = Debug|Any CPU
		{741584A6-7729-46B8-83E2-2FD8988AE7B7}.Debug|Any CPU.Build.0 = Debug|Any CPU
		{741584A6-7729-46B8-83E2-2FD8988AE7B7}.Debug|x64.ActiveCfg = Debug|Any CPU
		{741584A6-7729-46B8-83E2-2FD8988AE7B7}.Debug|x64.Build.0 = Debug|Any CPU
		{741584A6-7729-46B8-83E2-2FD8988AE7B7}.Debug|x86.ActiveCfg = Debug|Any CPU
		{741584A6-7729-46B8-83E2-2FD8988AE7B7}.Debug|x86.Build.0 = Debug|Any CPU
		{741584A6-7729-46B8-83E2-2FD8988AE7B7}.Release|Any CPU.ActiveCfg = Release|Any CPU
		{741584A6-7729-46B8-83E2-2FD8988AE7B7}.Release|Any CPU.Build.0 = Release|Any CPU
		{741584A6-7729-46B8-83E2-2FD8988AE7B7}.Release|x64.ActiveCfg = Release|Any CPU
		{741584A6-7729-46B8-83E2-2FD8988AE7B7}.Release|x64.Build.0 = Release|Any CPU
		{741584A6-7729-46B8-83E2-2FD8988AE7B7}.Release|x86.ActiveCfg = Release|Any CPU
		{741584A6-7729-46B8-83E2-2FD8988AE7B7}.Release|x86.Build.0 = Release|Any CPU
		{1C7706CE-5928-41A3-96A5-1F093670C440}.Debug|Any CPU.ActiveCfg = Debug|Any CPU
		{1C7706CE-5928-41A3-96A5-1F093670C440}.Debug|Any CPU.Build.0 = Debug|Any CPU
		{1C7706CE-5928-41A3-96A5-1F093670C440}.Debug|x64.ActiveCfg = Debug|Any CPU
		{1C7706CE-5928-41A3-96A5-1F093670C440}.Debug|x64.Build.0 = Debug|Any CPU
		{1C7706CE-5928-41A3-96A5-1F093670C440}.Debug|x86.ActiveCfg = Debug|Any CPU
		{1C7706CE-5928-41A3-96A5-1F093670C440}.Debug|x86.Build.0 = Debug|Any CPU
		{1C7706CE-5928-41A3-96A5-1F093670C440}.Release|Any CPU.ActiveCfg = Release|Any CPU
		{1C7706CE-5928-41A3-96A5-1F093670C440}.Release|Any CPU.Build.0 = Release|Any CPU
		{1C7706CE-5928-41A3-96A5-1F093670C440}.Release|x64.ActiveCfg = Release|Any CPU
		{1C7706CE-5928-41A3-96A5-1F093670C440}.Release|x64.Build.0 = Release|Any CPU
		{1C7706CE-5928-41A3-96A5-1F093670C440}.Release|x86.ActiveCfg = Release|Any CPU
		{1C7706CE-5928-41A3-96A5-1F093670C440}.Release|x86.Build.0 = Release|Any CPU
		{3E1F49B2-105A-4CFA-9EF4-0C89944E6E58}.Debug|Any CPU.ActiveCfg = Debug|Any CPU
		{3E1F49B2-105A-4CFA-9EF4-0C89944E6E58}.Debug|Any CPU.Build.0 = Debug|Any CPU
		{3E1F49B2-105A-4CFA-9EF4-0C89944E6E58}.Debug|x64.ActiveCfg = Debug|Any CPU
		{3E1F49B2-105A-4CFA-9EF4-0C89944E6E58}.Debug|x64.Build.0 = Debug|Any CPU
		{3E1F49B2-105A-4CFA-9EF4-0C89944E6E58}.Debug|x86.ActiveCfg = Debug|Any CPU
		{3E1F49B2-105A-4CFA-9EF4-0C89944E6E58}.Debug|x86.Build.0 = Debug|Any CPU
		{3E1F49B2-105A-4CFA-9EF4-0C89944E6E58}.Release|Any CPU.ActiveCfg = Release|Any CPU
		{3E1F49B2-105A-4CFA-9EF4-0C89944E6E58}.Release|Any CPU.Build.0 = Release|Any CPU
		{3E1F49B2-105A-4CFA-9EF4-0C89944E6E58}.Release|x64.ActiveCfg = Release|Any CPU
		{3E1F49B2-105A-4CFA-9EF4-0C89944E6E58}.Release|x64.Build.0 = Release|Any CPU
		{3E1F49B2-105A-4CFA-9EF4-0C89944E6E58}.Release|x86.ActiveCfg = Release|Any CPU
		{3E1F49B2-105A-4CFA-9EF4-0C89944E6E58}.Release|x86.Build.0 = Release|Any CPU
		{D5B2F043-CA30-40D5-9C85-4819CE56E5F4}.Debug|Any CPU.ActiveCfg = Debug|x64
		{D5B2F043-CA30-40D5-9C85-4819CE56E5F4}.Debug|Any CPU.Build.0 = Debug|x64
		{D5B2F043-CA30-40D5-9C85-4819CE56E5F4}.Debug|x64.ActiveCfg = Debug|x64
		{D5B2F043-CA30-40D5-9C85-4819CE56E5F4}.Debug|x64.Build.0 = Debug|x64
		{D5B2F043-CA30-40D5-9C85-4819CE56E5F4}.Debug|x86.ActiveCfg = Debug|Win32
		{D5B2F043-CA30-40D5-9C85-4819CE56E5F4}.Debug|x86.Build.0 = Debug|Win32
		{D5B2F043-CA30-40D5-9C85-4819CE56E5F4}.Release|Any CPU.ActiveCfg = Release|x64
		{D5B2F043-CA30-40D5-9C85-4819CE56E5F4}.Release|Any CPU.Build.0 = Release|x64
		{D5B2F043-CA30-40D5-9C85-4819CE56E5F4}.Release|x64.ActiveCfg = Release|x64
		{D5B2F043-CA30-40D5-9C85-4819CE56E5F4}.Release|x64.Build.0 = Release|x64
		{D5B2F043-CA30-40D5-9C85-4819CE56E5F4}.Release|x86.ActiveCfg = Release|Win32
		{D5B2F043-CA30-40D5-9C85-4819CE56E5F4}.Release|x86.Build.0 = Release|Win32
		{B5AB9BDB-A148-4130-AA82-CF89B6D2378A}.Debug|Any CPU.ActiveCfg = Debug|x64
		{B5AB9BDB-A148-4130-AA82-CF89B6D2378A}.Debug|Any CPU.Build.0 = Debug|x64
		{B5AB9BDB-A148-4130-AA82-CF89B6D2378A}.Debug|x64.ActiveCfg = Debug|x64
		{B5AB9BDB-A148-4130-AA82-CF89B6D2378A}.Debug|x64.Build.0 = Debug|x64
		{B5AB9BDB-A148-4130-AA82-CF89B6D2378A}.Debug|x86.ActiveCfg = Debug|Win32
		{B5AB9BDB-A148-4130-AA82-CF89B6D2378A}.Debug|x86.Build.0 = Debug|Win32
		{B5AB9BDB-A148-4130-AA82-CF89B6D2378A}.Release|Any CPU.ActiveCfg = Release|x64
		{B5AB9BDB-A148-4130-AA82-CF89B6D2378A}.Release|Any CPU.Build.0 = Release|x64
		{B5AB9BDB-A148-4130-AA82-CF89B6D2378A}.Release|x64.ActiveCfg = Release|x64
		{B5AB9BDB-A148-4130-AA82-CF89B6D2378A}.Release|x64.Build.0 = Release|x64
		{B5AB9BDB-A148-4130-AA82-CF89B6D2378A}.Release|x86.ActiveCfg = Release|Win32
		{B5AB9BDB-A148-4130-AA82-CF89B6D2378A}.Release|x86.Build.0 = Release|Win32
		{94F3373C-A7E0-4586-BAE1-B220C391569D}.Debug|Any CPU.ActiveCfg = Debug|x64
		{94F3373C-A7E0-4586-BAE1-B220C391569D}.Debug|Any CPU.Build.0 = Debug|x64
		{94F3373C-A7E0-4586-BAE1-B220C391569D}.Debug|x64.ActiveCfg = Debug|x64
		{94F3373C-A7E0-4586-BAE1-B220C391569D}.Debug|x64.Build.0 = Debug|x64
		{94F3373C-A7E0-4586-BAE1-B220C391569D}.Debug|x86.ActiveCfg = Debug|Win32
		{94F3373C-A7E0-4586-BAE1-B220C391569D}.Debug|x86.Build.0 = Debug|Win32
		{94F3373C-A7E0-4586-BAE1-B220C391569D}.Release|Any CPU.ActiveCfg = Release|x64
		{94F3373C-A7E0-4586-BAE1-B220C391569D}.Release|Any CPU.Build.0 = Release|x64
		{94F3373C-A7E0-4586-BAE1-B220C391569D}.Release|x64.ActiveCfg = Release|x64
		{94F3373C-A7E0-4586-BAE1-B220C391569D}.Release|x64.Build.0 = Release|x64
		{94F3373C-A7E0-4586-BAE1-B220C391569D}.Release|x86.ActiveCfg = Release|Win32
		{94F3373C-A7E0-4586-BAE1-B220C391569D}.Release|x86.Build.0 = Release|Win32
		{3425E8F7-71F5-40CA-BABE-6B660F342B68}.Debug|Any CPU.ActiveCfg = Debug|x64
		{3425E8F7-71F5-40CA-BABE-6B660F342B68}.Debug|Any CPU.Build.0 = Debug|x64
		{3425E8F7-71F5-40CA-BABE-6B660F342B68}.Debug|x64.ActiveCfg = Debug|x64
		{3425E8F7-71F5-40CA-BABE-6B660F342B68}.Debug|x64.Build.0 = Debug|x64
		{3425E8F7-71F5-40CA-BABE-6B660F342B68}.Debug|x86.ActiveCfg = Debug|Win32
		{3425E8F7-71F5-40CA-BABE-6B660F342B68}.Debug|x86.Build.0 = Debug|Win32
		{3425E8F7-71F5-40CA-BABE-6B660F342B68}.Release|Any CPU.ActiveCfg = Release|x64
		{3425E8F7-71F5-40CA-BABE-6B660F342B68}.Release|Any CPU.Build.0 = Release|x64
		{3425E8F7-71F5-40CA-BABE-6B660F342B68}.Release|x64.ActiveCfg = Release|x64
		{3425E8F7-71F5-40CA-BABE-6B660F342B68}.Release|x64.Build.0 = Release|x64
		{3425E8F7-71F5-40CA-BABE-6B660F342B68}.Release|x86.ActiveCfg = Release|Win32
		{3425E8F7-71F5-40CA-BABE-6B660F342B68}.Release|x86.Build.0 = Release|Win32
		{69D6AB61-CFBF-4867-863B-B8BDD8625F47}.Debug|Any CPU.ActiveCfg = Debug|x64
		{69D6AB61-CFBF-4867-863B-B8BDD8625F47}.Debug|Any CPU.Build.0 = Debug|x64
		{69D6AB61-CFBF-4867-863B-B8BDD8625F47}.Debug|x64.ActiveCfg = Debug|x64
		{69D6AB61-CFBF-4867-863B-B8BDD8625F47}.Debug|x64.Build.0 = Debug|x64
		{69D6AB61-CFBF-4867-863B-B8BDD8625F47}.Debug|x86.ActiveCfg = Debug|Win32
		{69D6AB61-CFBF-4867-863B-B8BDD8625F47}.Debug|x86.Build.0 = Debug|Win32
		{69D6AB61-CFBF-4867-863B-B8BDD8625F47}.Release|Any CPU.ActiveCfg = Release|x64
		{69D6AB61-CFBF-4867-863B-B8BDD8625F47}.Release|Any CPU.Build.0 = Release|x64
		{69D6AB61-CFBF-4867-863B-B8BDD8625F47}.Release|x64.ActiveCfg = Release|x64
		{69D6AB61-CFBF-4867-863B-B8BDD8625F47}.Release|x64.Build.0 = Release|x64
		{69D6AB61-CFBF-4867-863B-B8BDD8625F47}.Release|x86.ActiveCfg = Release|Win32
		{69D6AB61-CFBF-4867-863B-B8BDD8625F47}.Release|x86.Build.0 = Release|Win32
		{B8BA86DB-3172-40D9-97D0-5D9BA655C861}.Debug|Any CPU.ActiveCfg = Debug|x64
		{B8BA86DB-3172-40D9-97D0-5D9BA655C861}.Debug|Any CPU.Build.0 = Debug|x64
		{B8BA86DB-3172-40D9-97D0-5D9BA655C861}.Debug|x64.ActiveCfg = Debug|x64
		{B8BA86DB-3172-40D9-97D0-5D9BA655C861}.Debug|x64.Build.0 = Debug|x64
		{B8BA86DB-3172-40D9-97D0-5D9BA655C861}.Debug|x86.ActiveCfg = Debug|Win32
		{B8BA86DB-3172-40D9-97D0-5D9BA655C861}.Debug|x86.Build.0 = Debug|Win32
		{B8BA86DB-3172-40D9-97D0-5D9BA655C861}.Release|Any CPU.ActiveCfg = Release|x64
		{B8BA86DB-3172-40D9-97D0-5D9BA655C861}.Release|Any CPU.Build.0 = Release|x64
		{B8BA86DB-3172-40D9-97D0-5D9BA655C861}.Release|x64.ActiveCfg = Release|x64
		{B8BA86DB-3172-40D9-97D0-5D9BA655C861}.Release|x64.Build.0 = Release|x64
		{B8BA86DB-3172-40D9-97D0-5D9BA655C861}.Release|x86.ActiveCfg = Release|Win32
		{B8BA86DB-3172-40D9-97D0-5D9BA655C861}.Release|x86.Build.0 = Release|Win32
		{2052E9AB-A0A7-4EB0-BA7E-EE0C2A28977E}.Debug|Any CPU.ActiveCfg = Debug|Any CPU
		{2052E9AB-A0A7-4EB0-BA7E-EE0C2A28977E}.Debug|Any CPU.Build.0 = Debug|Any CPU
		{2052E9AB-A0A7-4EB0-BA7E-EE0C2A28977E}.Debug|x64.ActiveCfg = Debug|Any CPU
		{2052E9AB-A0A7-4EB0-BA7E-EE0C2A28977E}.Debug|x64.Build.0 = Debug|Any CPU
		{2052E9AB-A0A7-4EB0-BA7E-EE0C2A28977E}.Debug|x86.ActiveCfg = Debug|Any CPU
		{2052E9AB-A0A7-4EB0-BA7E-EE0C2A28977E}.Debug|x86.Build.0 = Debug|Any CPU
		{2052E9AB-A0A7-4EB0-BA7E-EE0C2A28977E}.Release|Any CPU.ActiveCfg = Release|Any CPU
		{2052E9AB-A0A7-4EB0-BA7E-EE0C2A28977E}.Release|Any CPU.Build.0 = Release|Any CPU
		{2052E9AB-A0A7-4EB0-BA7E-EE0C2A28977E}.Release|x64.ActiveCfg = Release|Any CPU
		{2052E9AB-A0A7-4EB0-BA7E-EE0C2A28977E}.Release|x64.Build.0 = Release|Any CPU
		{2052E9AB-A0A7-4EB0-BA7E-EE0C2A28977E}.Release|x86.ActiveCfg = Release|Any CPU
		{2052E9AB-A0A7-4EB0-BA7E-EE0C2A28977E}.Release|x86.Build.0 = Release|Any CPU
	EndGlobalSection
	GlobalSection(SolutionProperties) = preSolution
		HideSolutionNode = FALSE
	EndGlobalSection
	GlobalSection(NestedProjects) = preSolution
		{2052E9AB-A0A7-4EB0-BA7E-EE0C2A28977E} = {21EE2100-3820-4F2E-8A83-2417D0E994FE}
	EndGlobalSection
	GlobalSection(ExtensibilityGlobals) = postSolution
		SolutionGuid = {41E7F78E-71B9-4240-88B4-E04DB739507F}
	EndGlobalSection
EndGlobal
